
Microsoft Visual Studio Solution File, Format Version 12.00
# Visual Studio Version 17
VisualStudioVersion = 17.0.32126.317
MinimumVisualStudioVersion = 10.0.40219.1
Project("{9A19103F-16F7-4668-BE54-9A1E7A4F7556}") = "CRES.WebClient", "src\CRES.WebClient\CRES.WebClient.csproj", "{847E8824-84B0-4496-A0A8-54D64A8DE14D}"
	ProjectSection(ProjectDependencies) = postProject
		{315F196C-E67D-4BD8-ACB7-B66EECBC0AB2} = {315F196C-E67D-4BD8-ACB7-B66EECBC0AB2}
	EndProjectSection
EndProject
Project("{FAE04EC0-301F-11D3-BF4B-00C04F79EFBC}") = "CRES.DataContract", "src\CRES.DataContract\CRES.DataContract.csproj", "{504EFE1E-6BC9-4B5D-BBEC-40FD62B933C3}"
EndProject
Project("{FAE04EC0-301F-11D3-BF4B-00C04F79EFBC}") = "CRES.SignalRNotification", "src\CRES.SignalRNotification\CRES.SignalRNotification.csproj", "{5E35FE6D-2AF0-4F7D-80E4-7187F7E40D37}"
EndProject
Project("{9A19103F-16F7-4668-BE54-9A1E7A4F7556}") = "CRES.ServiceMVC", "src\CRES.ServiceMVC\CRES.ServiceMVC.csproj", "{315F196C-E67D-4BD8-ACB7-B66EECBC0AB2}"
EndProject
Project("{9A19103F-16F7-4668-BE54-9A1E7A4F7556}") = "CRES.NoteCalculatorServiceMVC", "src\CRES.NoteCalculatorServiceMVC\CRES.NoteCalculatorServiceMVC.csproj", "{930B3E21-4F9A-42BA-BDB5-E6582229E006}"
EndProject
Project("{9A19103F-16F7-4668-BE54-9A1E7A4F7556}") = "CRES.NoteCalculator", "src\CRES.NoteCalculatorCore\CRES.NoteCalculator.csproj", "{C9E1758C-48CC-4E1A-A3FC-70BFCD5C9F58}"
EndProject
Project("{9A19103F-16F7-4668-BE54-9A1E7A4F7556}") = "CRES.CashFlowEngineCheck", "src\CRES.CashFlowEngineCheckCore\CRES.CashFlowEngineCheck.csproj", "{5816FCDC-DFAA-494E-9F80-A5299712BFA1}"
EndProject
Project("{9A19103F-16F7-4668-BE54-9A1E7A4F7556}") = "CRES.Utilities", "src\CRES.Utilities\CRES.Utilities.csproj", "{02BD7E8F-0D59-4A65-978B-52735FD477F4}"
EndProject
Project("{9A19103F-16F7-4668-BE54-9A1E7A4F7556}") = "CRES.TestAutoMation", "src\CRES.TestAutoMation\CRES.TestAutoMation.csproj", "{722CBC73-CF1A-4FDD-BD06-4F3ED67D6E27}"
EndProject
Project("{9A19103F-16F7-4668-BE54-9A1E7A4F7556}") = "CRES.DAL", "src\CRES.DAL\CRES.DAL.csproj", "{87E49CC4-4AEF-48F1-B5D0-F9320862674F}"
EndProject
Project("{9A19103F-16F7-4668-BE54-9A1E7A4F7556}") = "CRES.BusinessLogic", "src\CRES.BusinessLogic\CRES.BusinessLogic.csproj", "{40A4EA1B-0B04-4458-8DD3-45AB855D5E94}"
EndProject
Project("{E24C65DC-7377-472B-9ABA-BC803B73C61A}") = "CRES.HBOTClient", "src\CRES.HBOTClient\", "{597B61BD-0FD1-449E-8B95-F54FC8712543}"
	ProjectSection(WebsiteProperties) = preProject
		TargetFrameworkMoniker = ".NETFramework,Version%3Dv4.8"
		Debug.AspNetCompiler.VirtualPath = "/localhost_51756"
		Debug.AspNetCompiler.PhysicalPath = "src\CRES.HBOTClient\"
		Debug.AspNetCompiler.TargetPath = "PrecompiledWeb\localhost_51756\"
		Debug.AspNetCompiler.Updateable = "true"
		Debug.AspNetCompiler.ForceOverwrite = "true"
		Debug.AspNetCompiler.FixedNames = "false"
		Debug.AspNetCompiler.Debug = "True"
		Release.AspNetCompiler.VirtualPath = "/localhost_51756"
		Release.AspNetCompiler.PhysicalPath = "src\CRES.HBOTClient\"
		Release.AspNetCompiler.TargetPath = "PrecompiledWeb\localhost_51756\"
		Release.AspNetCompiler.Updateable = "true"
		Release.AspNetCompiler.ForceOverwrite = "true"
		Release.AspNetCompiler.FixedNames = "false"
		Release.AspNetCompiler.Debug = "False"
		VWDPort = "51756"
		SlnRelativePath = "src\CRES.HBOTClient\"
	EndProjectSection
EndProject
Project("{00D1A9C2-B5F0-4AF3-8072-F6C62B433612}") = "CRES.DBScript", "CRES.DBScript\CRES.DBScript.sqlproj", "{B1B94975-70F9-45DD-95FF-43EB71F8B62D}"
EndProject
Project("{9A19103F-16F7-4668-BE54-9A1E7A4F7556}") = "CRES.TestAutoMationApp", "src\CRES.TestAutoMationApp\CRES.TestAutoMationApp.csproj", "{C0BDDC29-3153-42AF-B4C9-1858728B5F88}"
EndProject
Project("{9A19103F-16F7-4668-BE54-9A1E7A4F7556}") = "CRES.WebClient.V1", "src\CRES.WebClient.V1\CRES.WebClient.V1.csproj", "{165EAE50-12BD-4D18-A064-064EE41CA93E}"
EndProject
Project("{9A19103F-16F7-4668-BE54-9A1E7A4F7556}") = "SpecFlowCalculator", "SpecFlowAutomation\SpecFlowCalculator.csproj", "{11219FAC-A8FB-45B8-81CD-93FA08886741}"
EndProject
Global
	GlobalSection(SolutionConfigurationPlatforms) = preSolution
		Debug|Any CPU = Debug|Any CPU
		Dev|Any CPU = Dev|Any CPU
		Integration|Any CPU = Integration|Any CPU
		Production|Any CPU = Production|Any CPU
		QA|Any CPU = QA|Any CPU
		Release|Any CPU = Release|Any CPU
		Staging|Any CPU = Staging|Any CPU
	EndGlobalSection
	GlobalSection(ProjectConfigurationPlatforms) = postSolution
		{847E8824-84B0-4496-A0A8-54D64A8DE14D}.Debug|Any CPU.ActiveCfg = Debug|Any CPU
		{847E8824-84B0-4496-A0A8-54D64A8DE14D}.Debug|Any CPU.Build.0 = Debug|Any CPU
		{847E8824-84B0-4496-A0A8-54D64A8DE14D}.Dev|Any CPU.ActiveCfg = Debug|Any CPU
		{847E8824-84B0-4496-A0A8-54D64A8DE14D}.Dev|Any CPU.Build.0 = Debug|Any CPU
		{847E8824-84B0-4496-A0A8-54D64A8DE14D}.Integration|Any CPU.ActiveCfg = Debug|Any CPU
		{847E8824-84B0-4496-A0A8-54D64A8DE14D}.Integration|Any CPU.Build.0 = Debug|Any CPU
		{847E8824-84B0-4496-A0A8-54D64A8DE14D}.Production|Any CPU.ActiveCfg = Debug|Any CPU
		{847E8824-84B0-4496-A0A8-54D64A8DE14D}.Production|Any CPU.Build.0 = Debug|Any CPU
		{847E8824-84B0-4496-A0A8-54D64A8DE14D}.QA|Any CPU.ActiveCfg = Debug|Any CPU
		{847E8824-84B0-4496-A0A8-54D64A8DE14D}.QA|Any CPU.Build.0 = Debug|Any CPU
		{847E8824-84B0-4496-A0A8-54D64A8DE14D}.Release|Any CPU.ActiveCfg = Release|Any CPU
		{847E8824-84B0-4496-A0A8-54D64A8DE14D}.Release|Any CPU.Build.0 = Release|Any CPU
		{847E8824-84B0-4496-A0A8-54D64A8DE14D}.Staging|Any CPU.ActiveCfg = Debug|Any CPU
		{847E8824-84B0-4496-A0A8-54D64A8DE14D}.Staging|Any CPU.Build.0 = Debug|Any CPU
		{504EFE1E-6BC9-4B5D-BBEC-40FD62B933C3}.Debug|Any CPU.ActiveCfg = Debug|Any CPU
		{504EFE1E-6BC9-4B5D-BBEC-40FD62B933C3}.Debug|Any CPU.Build.0 = Debug|Any CPU
		{504EFE1E-6BC9-4B5D-BBEC-40FD62B933C3}.Dev|Any CPU.ActiveCfg = Dev|Any CPU
		{504EFE1E-6BC9-4B5D-BBEC-40FD62B933C3}.Dev|Any CPU.Build.0 = Dev|Any CPU
		{504EFE1E-6BC9-4B5D-BBEC-40FD62B933C3}.Integration|Any CPU.ActiveCfg = Integration|Any CPU
		{504EFE1E-6BC9-4B5D-BBEC-40FD62B933C3}.Integration|Any CPU.Build.0 = Integration|Any CPU
		{504EFE1E-6BC9-4B5D-BBEC-40FD62B933C3}.Production|Any CPU.ActiveCfg = Production|Any CPU
		{504EFE1E-6BC9-4B5D-BBEC-40FD62B933C3}.Production|Any CPU.Build.0 = Production|Any CPU
		{504EFE1E-6BC9-4B5D-BBEC-40FD62B933C3}.QA|Any CPU.ActiveCfg = QA|Any CPU
		{504EFE1E-6BC9-4B5D-BBEC-40FD62B933C3}.QA|Any CPU.Build.0 = QA|Any CPU
		{504EFE1E-6BC9-4B5D-BBEC-40FD62B933C3}.Release|Any CPU.ActiveCfg = Release|Any CPU
		{504EFE1E-6BC9-4B5D-BBEC-40FD62B933C3}.Release|Any CPU.Build.0 = Release|Any CPU
		{504EFE1E-6BC9-4B5D-BBEC-40FD62B933C3}.Staging|Any CPU.ActiveCfg = Staging|Any CPU
		{504EFE1E-6BC9-4B5D-BBEC-40FD62B933C3}.Staging|Any CPU.Build.0 = Staging|Any CPU
		{5E35FE6D-2AF0-4F7D-80E4-7187F7E40D37}.Debug|Any CPU.ActiveCfg = Debug|Any CPU
		{5E35FE6D-2AF0-4F7D-80E4-7187F7E40D37}.Debug|Any CPU.Build.0 = Debug|Any CPU
		{5E35FE6D-2AF0-4F7D-80E4-7187F7E40D37}.Dev|Any CPU.ActiveCfg = Dev|Any CPU
		{5E35FE6D-2AF0-4F7D-80E4-7187F7E40D37}.Dev|Any CPU.Build.0 = Dev|Any CPU
		{5E35FE6D-2AF0-4F7D-80E4-7187F7E40D37}.Integration|Any CPU.ActiveCfg = Integration|Any CPU
		{5E35FE6D-2AF0-4F7D-80E4-7187F7E40D37}.Integration|Any CPU.Build.0 = Integration|Any CPU
		{5E35FE6D-2AF0-4F7D-80E4-7187F7E40D37}.Production|Any CPU.ActiveCfg = Production|Any CPU
		{5E35FE6D-2AF0-4F7D-80E4-7187F7E40D37}.Production|Any CPU.Build.0 = Production|Any CPU
		{5E35FE6D-2AF0-4F7D-80E4-7187F7E40D37}.QA|Any CPU.ActiveCfg = QA|Any CPU
		{5E35FE6D-2AF0-4F7D-80E4-7187F7E40D37}.QA|Any CPU.Build.0 = QA|Any CPU
		{5E35FE6D-2AF0-4F7D-80E4-7187F7E40D37}.Release|Any CPU.ActiveCfg = Release|Any CPU
		{5E35FE6D-2AF0-4F7D-80E4-7187F7E40D37}.Release|Any CPU.Build.0 = Release|Any CPU
		{5E35FE6D-2AF0-4F7D-80E4-7187F7E40D37}.Staging|Any CPU.ActiveCfg = Staging|Any CPU
		{5E35FE6D-2AF0-4F7D-80E4-7187F7E40D37}.Staging|Any CPU.Build.0 = Staging|Any CPU
		{315F196C-E67D-4BD8-ACB7-B66EECBC0AB2}.Debug|Any CPU.ActiveCfg = Debug|Any CPU
		{315F196C-E67D-4BD8-ACB7-B66EECBC0AB2}.Debug|Any CPU.Build.0 = Debug|Any CPU
		{315F196C-E67D-4BD8-ACB7-B66EECBC0AB2}.Dev|Any CPU.ActiveCfg = Debug|Any CPU
		{315F196C-E67D-4BD8-ACB7-B66EECBC0AB2}.Dev|Any CPU.Build.0 = Debug|Any CPU
		{315F196C-E67D-4BD8-ACB7-B66EECBC0AB2}.Integration|Any CPU.ActiveCfg = Debug|Any CPU
		{315F196C-E67D-4BD8-ACB7-B66EECBC0AB2}.Integration|Any CPU.Build.0 = Debug|Any CPU
		{315F196C-E67D-4BD8-ACB7-B66EECBC0AB2}.Production|Any CPU.ActiveCfg = Debug|Any CPU
		{315F196C-E67D-4BD8-ACB7-B66EECBC0AB2}.Production|Any CPU.Build.0 = Debug|Any CPU
		{315F196C-E67D-4BD8-ACB7-B66EECBC0AB2}.QA|Any CPU.ActiveCfg = Debug|Any CPU
		{315F196C-E67D-4BD8-ACB7-B66EECBC0AB2}.QA|Any CPU.Build.0 = Debug|Any CPU
		{315F196C-E67D-4BD8-ACB7-B66EECBC0AB2}.Release|Any CPU.ActiveCfg = Release|Any CPU
		{315F196C-E67D-4BD8-ACB7-B66EECBC0AB2}.Release|Any CPU.Build.0 = Release|Any CPU
		{315F196C-E67D-4BD8-ACB7-B66EECBC0AB2}.Staging|Any CPU.ActiveCfg = Debug|Any CPU
		{315F196C-E67D-4BD8-ACB7-B66EECBC0AB2}.Staging|Any CPU.Build.0 = Debug|Any CPU
		{930B3E21-4F9A-42BA-BDB5-E6582229E006}.Debug|Any CPU.ActiveCfg = Debug|Any CPU
		{930B3E21-4F9A-42BA-BDB5-E6582229E006}.Debug|Any CPU.Build.0 = Debug|Any CPU
		{930B3E21-4F9A-42BA-BDB5-E6582229E006}.Dev|Any CPU.ActiveCfg = Debug|Any CPU
		{930B3E21-4F9A-42BA-BDB5-E6582229E006}.Dev|Any CPU.Build.0 = Debug|Any CPU
		{930B3E21-4F9A-42BA-BDB5-E6582229E006}.Integration|Any CPU.ActiveCfg = Debug|Any CPU
		{930B3E21-4F9A-42BA-BDB5-E6582229E006}.Integration|Any CPU.Build.0 = Debug|Any CPU
		{930B3E21-4F9A-42BA-BDB5-E6582229E006}.Production|Any CPU.ActiveCfg = Debug|Any CPU
		{930B3E21-4F9A-42BA-BDB5-E6582229E006}.Production|Any CPU.Build.0 = Debug|Any CPU
		{930B3E21-4F9A-42BA-BDB5-E6582229E006}.QA|Any CPU.ActiveCfg = Debug|Any CPU
		{930B3E21-4F9A-42BA-BDB5-E6582229E006}.QA|Any CPU.Build.0 = Debug|Any CPU
		{930B3E21-4F9A-42BA-BDB5-E6582229E006}.Release|Any CPU.ActiveCfg = Release|Any CPU
		{930B3E21-4F9A-42BA-BDB5-E6582229E006}.Release|Any CPU.Build.0 = Release|Any CPU
		{930B3E21-4F9A-42BA-BDB5-E6582229E006}.Staging|Any CPU.ActiveCfg = Debug|Any CPU
		{930B3E21-4F9A-42BA-BDB5-E6582229E006}.Staging|Any CPU.Build.0 = Debug|Any CPU
		{C9E1758C-48CC-4E1A-A3FC-70BFCD5C9F58}.Debug|Any CPU.ActiveCfg = Debug|Any CPU
		{C9E1758C-48CC-4E1A-A3FC-70BFCD5C9F58}.Debug|Any CPU.Build.0 = Debug|Any CPU
		{C9E1758C-48CC-4E1A-A3FC-70BFCD5C9F58}.Dev|Any CPU.ActiveCfg = Debug|Any CPU
		{C9E1758C-48CC-4E1A-A3FC-70BFCD5C9F58}.Dev|Any CPU.Build.0 = Debug|Any CPU
		{C9E1758C-48CC-4E1A-A3FC-70BFCD5C9F58}.Integration|Any CPU.ActiveCfg = Debug|Any CPU
		{C9E1758C-48CC-4E1A-A3FC-70BFCD5C9F58}.Integration|Any CPU.Build.0 = Debug|Any CPU
		{C9E1758C-48CC-4E1A-A3FC-70BFCD5C9F58}.Production|Any CPU.ActiveCfg = Debug|Any CPU
		{C9E1758C-48CC-4E1A-A3FC-70BFCD5C9F58}.Production|Any CPU.Build.0 = Debug|Any CPU
		{C9E1758C-48CC-4E1A-A3FC-70BFCD5C9F58}.QA|Any CPU.ActiveCfg = Debug|Any CPU
		{C9E1758C-48CC-4E1A-A3FC-70BFCD5C9F58}.QA|Any CPU.Build.0 = Debug|Any CPU
		{C9E1758C-48CC-4E1A-A3FC-70BFCD5C9F58}.Release|Any CPU.ActiveCfg = Release|Any CPU
		{C9E1758C-48CC-4E1A-A3FC-70BFCD5C9F58}.Release|Any CPU.Build.0 = Release|Any CPU
		{C9E1758C-48CC-4E1A-A3FC-70BFCD5C9F58}.Staging|Any CPU.ActiveCfg = Debug|Any CPU
		{C9E1758C-48CC-4E1A-A3FC-70BFCD5C9F58}.Staging|Any CPU.Build.0 = Debug|Any CPU
		{5816FCDC-DFAA-494E-9F80-A5299712BFA1}.Debug|Any CPU.ActiveCfg = Debug|Any CPU
		{5816FCDC-DFAA-494E-9F80-A5299712BFA1}.Debug|Any CPU.Build.0 = Debug|Any CPU
		{5816FCDC-DFAA-494E-9F80-A5299712BFA1}.Dev|Any CPU.ActiveCfg = Debug|Any CPU
		{5816FCDC-DFAA-494E-9F80-A5299712BFA1}.Dev|Any CPU.Build.0 = Debug|Any CPU
		{5816FCDC-DFAA-494E-9F80-A5299712BFA1}.Integration|Any CPU.ActiveCfg = Debug|Any CPU
		{5816FCDC-DFAA-494E-9F80-A5299712BFA1}.Integration|Any CPU.Build.0 = Debug|Any CPU
		{5816FCDC-DFAA-494E-9F80-A5299712BFA1}.Production|Any CPU.ActiveCfg = Debug|Any CPU
		{5816FCDC-DFAA-494E-9F80-A5299712BFA1}.Production|Any CPU.Build.0 = Debug|Any CPU
		{5816FCDC-DFAA-494E-9F80-A5299712BFA1}.QA|Any CPU.ActiveCfg = Debug|Any CPU
		{5816FCDC-DFAA-494E-9F80-A5299712BFA1}.QA|Any CPU.Build.0 = Debug|Any CPU
		{5816FCDC-DFAA-494E-9F80-A5299712BFA1}.Release|Any CPU.ActiveCfg = Release|Any CPU
		{5816FCDC-DFAA-494E-9F80-A5299712BFA1}.Release|Any CPU.Build.0 = Release|Any CPU
		{5816FCDC-DFAA-494E-9F80-A5299712BFA1}.Staging|Any CPU.ActiveCfg = Debug|Any CPU
		{5816FCDC-DFAA-494E-9F80-A5299712BFA1}.Staging|Any CPU.Build.0 = Debug|Any CPU
		{02BD7E8F-0D59-4A65-978B-52735FD477F4}.Debug|Any CPU.ActiveCfg = Debug|Any CPU
		{02BD7E8F-0D59-4A65-978B-52735FD477F4}.Debug|Any CPU.Build.0 = Debug|Any CPU
		{02BD7E8F-0D59-4A65-978B-52735FD477F4}.Dev|Any CPU.ActiveCfg = Debug|Any CPU
		{02BD7E8F-0D59-4A65-978B-52735FD477F4}.Dev|Any CPU.Build.0 = Debug|Any CPU
		{02BD7E8F-0D59-4A65-978B-52735FD477F4}.Integration|Any CPU.ActiveCfg = Debug|Any CPU
		{02BD7E8F-0D59-4A65-978B-52735FD477F4}.Integration|Any CPU.Build.0 = Debug|Any CPU
		{02BD7E8F-0D59-4A65-978B-52735FD477F4}.Production|Any CPU.ActiveCfg = Debug|Any CPU
		{02BD7E8F-0D59-4A65-978B-52735FD477F4}.Production|Any CPU.Build.0 = Debug|Any CPU
		{02BD7E8F-0D59-4A65-978B-52735FD477F4}.QA|Any CPU.ActiveCfg = Debug|Any CPU
		{02BD7E8F-0D59-4A65-978B-52735FD477F4}.QA|Any CPU.Build.0 = Debug|Any CPU
		{02BD7E8F-0D59-4A65-978B-52735FD477F4}.Release|Any CPU.ActiveCfg = Release|Any CPU
		{02BD7E8F-0D59-4A65-978B-52735FD477F4}.Release|Any CPU.Build.0 = Release|Any CPU
		{02BD7E8F-0D59-4A65-978B-52735FD477F4}.Staging|Any CPU.ActiveCfg = Debug|Any CPU
		{02BD7E8F-0D59-4A65-978B-52735FD477F4}.Staging|Any CPU.Build.0 = Debug|Any CPU
		{722CBC73-CF1A-4FDD-BD06-4F3ED67D6E27}.Debug|Any CPU.ActiveCfg = Debug|Any CPU
		{722CBC73-CF1A-4FDD-BD06-4F3ED67D6E27}.Debug|Any CPU.Build.0 = Debug|Any CPU
		{722CBC73-CF1A-4FDD-BD06-4F3ED67D6E27}.Dev|Any CPU.ActiveCfg = Debug|Any CPU
		{722CBC73-CF1A-4FDD-BD06-4F3ED67D6E27}.Dev|Any CPU.Build.0 = Debug|Any CPU
		{722CBC73-CF1A-4FDD-BD06-4F3ED67D6E27}.Integration|Any CPU.ActiveCfg = Debug|Any CPU
		{722CBC73-CF1A-4FDD-BD06-4F3ED67D6E27}.Integration|Any CPU.Build.0 = Debug|Any CPU
		{722CBC73-CF1A-4FDD-BD06-4F3ED67D6E27}.Production|Any CPU.ActiveCfg = Debug|Any CPU
		{722CBC73-CF1A-4FDD-BD06-4F3ED67D6E27}.Production|Any CPU.Build.0 = Debug|Any CPU
		{722CBC73-CF1A-4FDD-BD06-4F3ED67D6E27}.QA|Any CPU.ActiveCfg = Debug|Any CPU
		{722CBC73-CF1A-4FDD-BD06-4F3ED67D6E27}.QA|Any CPU.Build.0 = Debug|Any CPU
		{722CBC73-CF1A-4FDD-BD06-4F3ED67D6E27}.Release|Any CPU.ActiveCfg = Release|Any CPU
		{722CBC73-CF1A-4FDD-BD06-4F3ED67D6E27}.Release|Any CPU.Build.0 = Release|Any CPU
		{722CBC73-CF1A-4FDD-BD06-4F3ED67D6E27}.Staging|Any CPU.ActiveCfg = Debug|Any CPU
		{722CBC73-CF1A-4FDD-BD06-4F3ED67D6E27}.Staging|Any CPU.Build.0 = Debug|Any CPU
		{87E49CC4-4AEF-48F1-B5D0-F9320862674F}.Debug|Any CPU.ActiveCfg = Debug|Any CPU
		{87E49CC4-4AEF-48F1-B5D0-F9320862674F}.Debug|Any CPU.Build.0 = Debug|Any CPU
		{87E49CC4-4AEF-48F1-B5D0-F9320862674F}.Dev|Any CPU.ActiveCfg = Debug|Any CPU
		{87E49CC4-4AEF-48F1-B5D0-F9320862674F}.Dev|Any CPU.Build.0 = Debug|Any CPU
		{87E49CC4-4AEF-48F1-B5D0-F9320862674F}.Integration|Any CPU.ActiveCfg = Debug|Any CPU
		{87E49CC4-4AEF-48F1-B5D0-F9320862674F}.Integration|Any CPU.Build.0 = Debug|Any CPU
		{87E49CC4-4AEF-48F1-B5D0-F9320862674F}.Production|Any CPU.ActiveCfg = Debug|Any CPU
		{87E49CC4-4AEF-48F1-B5D0-F9320862674F}.Production|Any CPU.Build.0 = Debug|Any CPU
		{87E49CC4-4AEF-48F1-B5D0-F9320862674F}.QA|Any CPU.ActiveCfg = Debug|Any CPU
		{87E49CC4-4AEF-48F1-B5D0-F9320862674F}.QA|Any CPU.Build.0 = Debug|Any CPU
		{87E49CC4-4AEF-48F1-B5D0-F9320862674F}.Release|Any CPU.ActiveCfg = Release|Any CPU
		{87E49CC4-4AEF-48F1-B5D0-F9320862674F}.Release|Any CPU.Build.0 = Release|Any CPU
		{87E49CC4-4AEF-48F1-B5D0-F9320862674F}.Staging|Any CPU.ActiveCfg = Debug|Any CPU
		{87E49CC4-4AEF-48F1-B5D0-F9320862674F}.Staging|Any CPU.Build.0 = Debug|Any CPU
		{40A4EA1B-0B04-4458-8DD3-45AB855D5E94}.Debug|Any CPU.ActiveCfg = Debug|Any CPU
		{40A4EA1B-0B04-4458-8DD3-45AB855D5E94}.Debug|Any CPU.Build.0 = Debug|Any CPU
		{40A4EA1B-0B04-4458-8DD3-45AB855D5E94}.Dev|Any CPU.ActiveCfg = Debug|Any CPU
		{40A4EA1B-0B04-4458-8DD3-45AB855D5E94}.Dev|Any CPU.Build.0 = Debug|Any CPU
		{40A4EA1B-0B04-4458-8DD3-45AB855D5E94}.Integration|Any CPU.ActiveCfg = Debug|Any CPU
		{40A4EA1B-0B04-4458-8DD3-45AB855D5E94}.Integration|Any CPU.Build.0 = Debug|Any CPU
		{40A4EA1B-0B04-4458-8DD3-45AB855D5E94}.Production|Any CPU.ActiveCfg = Debug|Any CPU
		{40A4EA1B-0B04-4458-8DD3-45AB855D5E94}.Production|Any CPU.Build.0 = Debug|Any CPU
		{40A4EA1B-0B04-4458-8DD3-45AB855D5E94}.QA|Any CPU.ActiveCfg = Debug|Any CPU
		{40A4EA1B-0B04-4458-8DD3-45AB855D5E94}.QA|Any CPU.Build.0 = Debug|Any CPU
		{40A4EA1B-0B04-4458-8DD3-45AB855D5E94}.Release|Any CPU.ActiveCfg = Release|Any CPU
		{40A4EA1B-0B04-4458-8DD3-45AB855D5E94}.Release|Any CPU.Build.0 = Release|Any CPU
		{40A4EA1B-0B04-4458-8DD3-45AB855D5E94}.Staging|Any CPU.ActiveCfg = Debug|Any CPU
		{40A4EA1B-0B04-4458-8DD3-45AB855D5E94}.Staging|Any CPU.Build.0 = Debug|Any CPU
		{597B61BD-0FD1-449E-8B95-F54FC8712543}.Debug|Any CPU.ActiveCfg = Debug|Any CPU
		{597B61BD-0FD1-449E-8B95-F54FC8712543}.Debug|Any CPU.Build.0 = Debug|Any CPU
		{597B61BD-0FD1-449E-8B95-F54FC8712543}.Dev|Any CPU.ActiveCfg = Debug|Any CPU
		{597B61BD-0FD1-449E-8B95-F54FC8712543}.Dev|Any CPU.Build.0 = Debug|Any CPU
		{597B61BD-0FD1-449E-8B95-F54FC8712543}.Integration|Any CPU.ActiveCfg = Debug|Any CPU
		{597B61BD-0FD1-449E-8B95-F54FC8712543}.Integration|Any CPU.Build.0 = Debug|Any CPU
		{597B61BD-0FD1-449E-8B95-F54FC8712543}.Production|Any CPU.ActiveCfg = Debug|Any CPU
		{597B61BD-0FD1-449E-8B95-F54FC8712543}.Production|Any CPU.Build.0 = Debug|Any CPU
		{597B61BD-0FD1-449E-8B95-F54FC8712543}.QA|Any CPU.ActiveCfg = Debug|Any CPU
		{597B61BD-0FD1-449E-8B95-F54FC8712543}.QA|Any CPU.Build.0 = Debug|Any CPU
		{597B61BD-0FD1-449E-8B95-F54FC8712543}.Release|Any CPU.ActiveCfg = Debug|Any CPU
		{597B61BD-0FD1-449E-8B95-F54FC8712543}.Release|Any CPU.Build.0 = Debug|Any CPU
		{597B61BD-0FD1-449E-8B95-F54FC8712543}.Staging|Any CPU.ActiveCfg = Debug|Any CPU
		{597B61BD-0FD1-449E-8B95-F54FC8712543}.Staging|Any CPU.Build.0 = Debug|Any CPU
		{B1B94975-70F9-45DD-95FF-43EB71F8B62D}.Debug|Any CPU.ActiveCfg = Debug|Any CPU
		{B1B94975-70F9-45DD-95FF-43EB71F8B62D}.Debug|Any CPU.Build.0 = Debug|Any CPU
		{B1B94975-70F9-45DD-95FF-43EB71F8B62D}.Debug|Any CPU.Deploy.0 = Debug|Any CPU
		{B1B94975-70F9-45DD-95FF-43EB71F8B62D}.Dev|Any CPU.ActiveCfg = Debug|Any CPU
		{B1B94975-70F9-45DD-95FF-43EB71F8B62D}.Dev|Any CPU.Build.0 = Debug|Any CPU
		{B1B94975-70F9-45DD-95FF-43EB71F8B62D}.Dev|Any CPU.Deploy.0 = Debug|Any CPU
		{B1B94975-70F9-45DD-95FF-43EB71F8B62D}.Integration|Any CPU.ActiveCfg = Debug|Any CPU
		{B1B94975-70F9-45DD-95FF-43EB71F8B62D}.Integration|Any CPU.Build.0 = Debug|Any CPU
		{B1B94975-70F9-45DD-95FF-43EB71F8B62D}.Integration|Any CPU.Deploy.0 = Debug|Any CPU
		{B1B94975-70F9-45DD-95FF-43EB71F8B62D}.Production|Any CPU.ActiveCfg = Debug|Any CPU
		{B1B94975-70F9-45DD-95FF-43EB71F8B62D}.Production|Any CPU.Build.0 = Debug|Any CPU
		{B1B94975-70F9-45DD-95FF-43EB71F8B62D}.Production|Any CPU.Deploy.0 = Debug|Any CPU
		{B1B94975-70F9-45DD-95FF-43EB71F8B62D}.QA|Any CPU.ActiveCfg = Debug|Any CPU
		{B1B94975-70F9-45DD-95FF-43EB71F8B62D}.QA|Any CPU.Build.0 = Debug|Any CPU
		{B1B94975-70F9-45DD-95FF-43EB71F8B62D}.QA|Any CPU.Deploy.0 = Debug|Any CPU
		{B1B94975-70F9-45DD-95FF-43EB71F8B62D}.Release|Any CPU.ActiveCfg = Release|Any CPU
		{B1B94975-70F9-45DD-95FF-43EB71F8B62D}.Release|Any CPU.Build.0 = Release|Any CPU
		{B1B94975-70F9-45DD-95FF-43EB71F8B62D}.Release|Any CPU.Deploy.0 = Release|Any CPU
		{B1B94975-70F9-45DD-95FF-43EB71F8B62D}.Staging|Any CPU.ActiveCfg = Debug|Any CPU
		{B1B94975-70F9-45DD-95FF-43EB71F8B62D}.Staging|Any CPU.Build.0 = Debug|Any CPU
		{B1B94975-70F9-45DD-95FF-43EB71F8B62D}.Staging|Any CPU.Deploy.0 = Debug|Any CPU
		{C0BDDC29-3153-42AF-B4C9-1858728B5F88}.Debug|Any CPU.ActiveCfg = Debug|Any CPU
		{C0BDDC29-3153-42AF-B4C9-1858728B5F88}.Debug|Any CPU.Build.0 = Debug|Any CPU
		{C0BDDC29-3153-42AF-B4C9-1858728B5F88}.Dev|Any CPU.ActiveCfg = Debug|Any CPU
		{C0BDDC29-3153-42AF-B4C9-1858728B5F88}.Dev|Any CPU.Build.0 = Debug|Any CPU
		{C0BDDC29-3153-42AF-B4C9-1858728B5F88}.Integration|Any CPU.ActiveCfg = Debug|Any CPU
		{C0BDDC29-3153-42AF-B4C9-1858728B5F88}.Integration|Any CPU.Build.0 = Debug|Any CPU
		{C0BDDC29-3153-42AF-B4C9-1858728B5F88}.Production|Any CPU.ActiveCfg = Debug|Any CPU
		{C0BDDC29-3153-42AF-B4C9-1858728B5F88}.Production|Any CPU.Build.0 = Debug|Any CPU
		{C0BDDC29-3153-42AF-B4C9-1858728B5F88}.QA|Any CPU.ActiveCfg = Debug|Any CPU
		{C0BDDC29-3153-42AF-B4C9-1858728B5F88}.QA|Any CPU.Build.0 = Debug|Any CPU
		{C0BDDC29-3153-42AF-B4C9-1858728B5F88}.Release|Any CPU.ActiveCfg = Release|Any CPU
		{C0BDDC29-3153-42AF-B4C9-1858728B5F88}.Release|Any CPU.Build.0 = Release|Any CPU
		{C0BDDC29-3153-42AF-B4C9-1858728B5F88}.Staging|Any CPU.ActiveCfg = Debug|Any CPU
		{C0BDDC29-3153-42AF-B4C9-1858728B5F88}.Staging|Any CPU.Build.0 = Debug|Any CPU
		{165EAE50-12BD-4D18-A064-064EE41CA93E}.Debug|Any CPU.ActiveCfg = Debug|Any CPU
		{165EAE50-12BD-4D18-A064-064EE41CA93E}.Debug|Any CPU.Build.0 = Debug|Any CPU
		{165EAE50-12BD-4D18-A064-064EE41CA93E}.Dev|Any CPU.ActiveCfg = Debug|Any CPU
		{165EAE50-12BD-4D18-A064-064EE41CA93E}.Dev|Any CPU.Build.0 = Debug|Any CPU
		{165EAE50-12BD-4D18-A064-064EE41CA93E}.Integration|Any CPU.ActiveCfg = Debug|Any CPU
		{165EAE50-12BD-4D18-A064-064EE41CA93E}.Integration|Any CPU.Build.0 = Debug|Any CPU
		{165EAE50-12BD-4D18-A064-064EE41CA93E}.Production|Any CPU.ActiveCfg = Debug|Any CPU
		{165EAE50-12BD-4D18-A064-064EE41CA93E}.Production|Any CPU.Build.0 = Debug|Any CPU
		{165EAE50-12BD-4D18-A064-064EE41CA93E}.QA|Any CPU.ActiveCfg = Debug|Any CPU
		{165EAE50-12BD-4D18-A064-064EE41CA93E}.QA|Any CPU.Build.0 = Debug|Any CPU
		{165EAE50-12BD-4D18-A064-064EE41CA93E}.Release|Any CPU.ActiveCfg = Release|Any CPU
		{165EAE50-12BD-4D18-A064-064EE41CA93E}.Release|Any CPU.Build.0 = Release|Any CPU
		{165EAE50-12BD-4D18-A064-064EE41CA93E}.Staging|Any CPU.ActiveCfg = Debug|Any CPU
		{165EAE50-12BD-4D18-A064-064EE41CA93E}.Staging|Any CPU.Build.0 = Debug|Any CPU
		{11219FAC-A8FB-45B8-81CD-93FA08886741}.Debug|Any CPU.ActiveCfg = Debug|Any CPU
		{11219FAC-A8FB-45B8-81CD-93FA08886741}.Debug|Any CPU.Build.0 = Debug|Any CPU
		{11219FAC-A8FB-45B8-81CD-93FA08886741}.Dev|Any CPU.ActiveCfg = Debug|Any CPU
		{11219FAC-A8FB-45B8-81CD-93FA08886741}.Dev|Any CPU.Build.0 = Debug|Any CPU
		{11219FAC-A8FB-45B8-81CD-93FA08886741}.Integration|Any CPU.ActiveCfg = Debug|Any CPU
		{11219FAC-A8FB-45B8-81CD-93FA08886741}.Integration|Any CPU.Build.0 = Debug|Any CPU
		{11219FAC-A8FB-45B8-81CD-93FA08886741}.Production|Any CPU.ActiveCfg = Debug|Any CPU
		{11219FAC-A8FB-45B8-81CD-93FA08886741}.Production|Any CPU.Build.0 = Debug|Any CPU
		{11219FAC-A8FB-45B8-81CD-93FA08886741}.QA|Any CPU.ActiveCfg = Debug|Any CPU
		{11219FAC-A8FB-45B8-81CD-93FA08886741}.QA|Any CPU.Build.0 = Debug|Any CPU
		{11219FAC-A8FB-45B8-81CD-93FA08886741}.Release|Any CPU.ActiveCfg = Release|Any CPU
		{11219FAC-A8FB-45B8-81CD-93FA08886741}.Release|Any CPU.Build.0 = Release|Any CPU
		{11219FAC-A8FB-45B8-81CD-93FA08886741}.Staging|Any CPU.ActiveCfg = Debug|Any CPU
		{11219FAC-A8FB-45B8-81CD-93FA08886741}.Staging|Any CPU.Build.0 = Debug|Any CPU
	EndGlobalSection
	GlobalSection(SolutionProperties) = preSolution
		HideSolutionNode = FALSE
	EndGlobalSection
	GlobalSection(ExtensibilityGlobals) = postSolution
		EnterpriseLibraryConfigurationToolBinariesPathV6 = packages\EnterpriseLibrary.Common.6.0.1304.0\lib\NET45;packages\EnterpriseLibrary.Logging.6.0.1304.0\lib\NET45
		SolutionGuid = {0A2FE276-4BF4-4828-ADEF-A783BA7184FB}
	EndGlobalSection
EndGlobal
